
Microsoft Visual Studio Solution File, Format Version 12.00
# Visual Studio Version 16
VisualStudioVersion = 16.0.30002.166
MinimumVisualStudioVersion = 10.0.40219.1
Project("{FAE04EC0-301F-11D3-BF4B-00C04F79EFBC}") = "WindowsFormsApp1", "WindowsFormsApp1\WindowsFormsApp1.csproj", "{B6DBF972-F999-4A32-908D-E01836D0CAC6}"
EndProject
Global
	GlobalSection(SolutionConfigurationPlatforms) = preSolution
		Debug|Any CPU = Debug|Any CPU
		Release|Any CPU = Release|Any CPU
	EndGlobalSection
	GlobalSection(ProjectConfigurationPlatforms) = postSolution
		{B6DBF972-F999-4A32-908D-E01836D0CAC6}.Debug|Any CPU.ActiveCfg = Debug|Any CPU
		{B6DBF972-F999-4A32-908D-E01836D0CAC6}.Debug|Any CPU.Build.0 = Debug|Any CPU
		{B6DBF972-F999-4A32-908D-E01836D0CAC6}.Release|Any CPU.ActiveCfg = Release|Any CPU
		{B6DBF972-F999-4A32-908D-E01836D0CAC6}.Release|Any CPU.Build.0 = Release|Any CPU
	EndGlobalSection
	GlobalSection(SolutionProperties) = preSolution
		HideSolutionNode = FALSE
	EndGlobalSection
	GlobalSection(ExtensibilityGlobals) = postSolution
		SolutionGuid = {230512FA-F0D5-4902-9C8E-F522F3E801A6}
	EndGlobalSection
EndGlobal
